
Microsoft Visual Studio Solution File, Format Version 12.00
# Visual Studio Version 16
VisualStudioVersion = 16.0.31321.278
MinimumVisualStudioVersion = 10.0.40219.1
Project("{FAE04EC0-301F-11D3-BF4B-00C04F79EFBC}") = "ModelosClientePedido", "ModelosClientePedido\ModelosClientePedido.csproj", "{0F5A878E-3386-490E-B5FA-69BD810B1266}"
EndProject
Project("{FAE04EC0-301F-11D3-BF4B-00C04F79EFBC}") = "Sistemas", "Sistemas\Sistemas.csproj", "{7370CD52-E3C9-490E-B744-5DEAB750197B}"
EndProject
Global
	GlobalSection(SolutionConfigurationPlatforms) = preSolution
		Debug|Any CPU = Debug|Any CPU
		Release|Any CPU = Release|Any CPU
	EndGlobalSection
	GlobalSection(ProjectConfigurationPlatforms) = postSolution
		{0F5A878E-3386-490E-B5FA-69BD810B1266}.Debug|Any CPU.ActiveCfg = Debug|Any CPU
		{0F5A878E-3386-490E-B5FA-69BD810B1266}.Debug|Any CPU.Build.0 = Debug|Any CPU
		{0F5A878E-3386-490E-B5FA-69BD810B1266}.Release|Any CPU.ActiveCfg = Release|Any CPU
		{0F5A878E-3386-490E-B5FA-69BD810B1266}.Release|Any CPU.Build.0 = Release|Any CPU
		{7370CD52-E3C9-490E-B744-5DEAB750197B}.Debug|Any CPU.ActiveCfg = Debug|Any CPU
		{7370CD52-E3C9-490E-B744-5DEAB750197B}.Debug|Any CPU.Build.0 = Debug|Any CPU
		{7370CD52-E3C9-490E-B744-5DEAB750197B}.Release|Any CPU.ActiveCfg = Release|Any CPU
		{7370CD52-E3C9-490E-B744-5DEAB750197B}.Release|Any CPU.Build.0 = Release|Any CPU
	EndGlobalSection
	GlobalSection(SolutionProperties) = preSolution
		HideSolutionNode = FALSE
	EndGlobalSection
	GlobalSection(ExtensibilityGlobals) = postSolution
		SolutionGuid = {26078B70-8EA2-4A76-B7E4-9DFD526ED2BB}
	EndGlobalSection
EndGlobal
